
Microsoft Visual Studio Solution File, Format Version 12.00
# Visual Studio 2012
Project("{FAE04EC0-301F-11D3-BF4B-00C04F79EFBC}") = "SiriusApplication", "SiriusApplication\SiriusApplication.csproj", "{0EE1070D-0170-45A9-A767-19952F7A444E}"
EndProject
Project("{FAE04EC0-301F-11D3-BF4B-00C04F79EFBC}") = "SiriusTests.Unit", "SiriusTests\SiriusTests.Unit.csproj", "{D36D390F-0137-4AD2-A23C-D3CA0D4337C2}"
EndProject
Global
	GlobalSection(SolutionConfigurationPlatforms) = preSolution
		Debug|Any CPU = Debug|Any CPU
		Release|Any CPU = Release|Any CPU
	EndGlobalSection
	GlobalSection(ProjectConfigurationPlatforms) = postSolution
		{0EE1070D-0170-45A9-A767-19952F7A444E}.Debug|Any CPU.ActiveCfg = Debug|Any CPU
		{0EE1070D-0170-45A9-A767-19952F7A444E}.Debug|Any CPU.Build.0 = Debug|Any CPU
		{0EE1070D-0170-45A9-A767-19952F7A444E}.Release|Any CPU.ActiveCfg = Release|Any CPU
		{0EE1070D-0170-45A9-A767-19952F7A444E}.Release|Any CPU.Build.0 = Release|Any CPU
		{D36D390F-0137-4AD2-A23C-D3CA0D4337C2}.Debug|Any CPU.ActiveCfg = Debug|Any CPU
		{D36D390F-0137-4AD2-A23C-D3CA0D4337C2}.Debug|Any CPU.Build.0 = Debug|Any CPU
		{D36D390F-0137-4AD2-A23C-D3CA0D4337C2}.Release|Any CPU.ActiveCfg = Release|Any CPU
		{D36D390F-0137-4AD2-A23C-D3CA0D4337C2}.Release|Any CPU.Build.0 = Release|Any CPU
	EndGlobalSection
	GlobalSection(SolutionProperties) = preSolution
		HideSolutionNode = FALSE
	EndGlobalSection
EndGlobal
